
Microsoft Visual Studio Solution File, Format Version 12.00
# Visual Studio Version 17
VisualStudioVersion = 17.2.32630.192
MinimumVisualStudioVersion = 10.0.40219.1
Project("{FAE04EC0-301F-11D3-BF4B-00C04F79EFBC}") = "WhatsApp", "WhatsApp\WhatsApp.csproj", "{ED94A4C7-F65D-43DC-BEE7-6888855B058D}"
EndProject
Global
	GlobalSection(SolutionConfigurationPlatforms) = preSolution
		Debug|Any CPU = Debug|Any CPU
		Release|Any CPU = Release|Any CPU
	EndGlobalSection
	GlobalSection(ProjectConfigurationPlatforms) = postSolution
		{ED94A4C7-F65D-43DC-BEE7-6888855B058D}.Debug|Any CPU.ActiveCfg = Debug|Any CPU
		{ED94A4C7-F65D-43DC-BEE7-6888855B058D}.Debug|Any CPU.Build.0 = Debug|Any CPU
		{ED94A4C7-F65D-43DC-BEE7-6888855B058D}.Release|Any CPU.ActiveCfg = Release|Any CPU
		{ED94A4C7-F65D-43DC-BEE7-6888855B058D}.Release|Any CPU.Build.0 = Release|Any CPU
	EndGlobalSection
	GlobalSection(SolutionProperties) = preSolution
		HideSolutionNode = FALSE
	EndGlobalSection
	GlobalSection(ExtensibilityGlobals) = postSolution
		SolutionGuid = {53100DD1-2A5A-4064-9078-0D7B0AC2978B}
	EndGlobalSection
EndGlobal
